
Microsoft Visual Studio Solution File, Format Version 12.00
# Visual Studio 15
VisualStudioVersion = 15.0.28307.421
MinimumVisualStudioVersion = 10.0.40219.1
Project("{FAE04EC0-301F-11D3-BF4B-00C04F79EFBC}") = "Backpack", "Backpack\Backpack.csproj", "{49BB3E4B-2196-4A10-900A-1612891591EE}"
EndProject
Global
	GlobalSection(SolutionConfigurationPlatforms) = preSolution
		Debug|Any CPU = Debug|Any CPU
		Release|Any CPU = Release|Any CPU
	EndGlobalSection
	GlobalSection(ProjectConfigurationPlatforms) = postSolution
		{49BB3E4B-2196-4A10-900A-1612891591EE}.Debug|Any CPU.ActiveCfg = Debug|Any CPU
		{49BB3E4B-2196-4A10-900A-1612891591EE}.Debug|Any CPU.Build.0 = Debug|Any CPU
		{49BB3E4B-2196-4A10-900A-1612891591EE}.Release|Any CPU.ActiveCfg = Release|Any CPU
		{49BB3E4B-2196-4A10-900A-1612891591EE}.Release|Any CPU.Build.0 = Release|Any CPU
	EndGlobalSection
	GlobalSection(SolutionProperties) = preSolution
		HideSolutionNode = FALSE
	EndGlobalSection
	GlobalSection(ExtensibilityGlobals) = postSolution
		SolutionGuid = {8F0FA3A3-47B5-4DBD-AC9E-38F96BB63BA6}
	EndGlobalSection
EndGlobal
